
Microsoft Visual Studio Solution File, Format Version 12.00
# Visual Studio Version 16
VisualStudioVersion = 16.0.30804.86
MinimumVisualStudioVersion = 10.0.40219.1
Project("{FAE04EC0-301F-11D3-BF4B-00C04F79EFBC}") = "FrequencyForOnePin", "FrequencyForOnePin\FrequencyForOnePin.csproj", "{2467CF89-3265-446E-B4CC-12C3D6E976C5}"
EndProject
Global
	GlobalSection(SolutionConfigurationPlatforms) = preSolution
		Debug|Any CPU = Debug|Any CPU
		Release|Any CPU = Release|Any CPU
	EndGlobalSection
	GlobalSection(ProjectConfigurationPlatforms) = postSolution
		{2467CF89-3265-446E-B4CC-12C3D6E976C5}.Debug|Any CPU.ActiveCfg = Debug|Any CPU
		{2467CF89-3265-446E-B4CC-12C3D6E976C5}.Debug|Any CPU.Build.0 = Debug|Any CPU
		{2467CF89-3265-446E-B4CC-12C3D6E976C5}.Release|Any CPU.ActiveCfg = Release|Any CPU
		{2467CF89-3265-446E-B4CC-12C3D6E976C5}.Release|Any CPU.Build.0 = Release|Any CPU
	EndGlobalSection
	GlobalSection(SolutionProperties) = preSolution
		HideSolutionNode = FALSE
	EndGlobalSection
	GlobalSection(ExtensibilityGlobals) = postSolution
		SolutionGuid = {3B76A57F-1432-43D7-BC60-96528819D420}
	EndGlobalSection
EndGlobal
